
Microsoft Visual Studio Solution File, Format Version 12.00
# Visual Studio Version 16
VisualStudioVersion = 16.0.29503.13
MinimumVisualStudioVersion = 10.0.40219.1
Project("{FAE04EC0-301F-11D3-BF4B-00C04F79EFBC}") = "Pexeso", "Pexeso.csproj", "{2A26F4CA-8C46-4D2B-80C9-0028D52AE2BF}"
EndProject
Project("{FAE04EC0-301F-11D3-BF4B-00C04F79EFBC}") = "PexesoLibrary", "PexesoLibrary\PexesoLibrary.csproj", "{9D2BAF07-C82C-44F2-9D42-739BCEDBAB79}"
EndProject
Project("{FAE04EC0-301F-11D3-BF4B-00C04F79EFBC}") = "ResourcesLibrary", "ResourcesLibrary\ResourcesLibrary.csproj", "{5D5A3FC6-405E-494B-B5CC-D91CFA0D6686}"
EndProject
Project("{FAE04EC0-301F-11D3-BF4B-00C04F79EFBC}") = "PexesoUnitTest", "PexesoUnitTest\PexesoUnitTest.csproj", "{A89AFF16-D6F2-44B3-BAB0-C9F2866E99AF}"
EndProject
Global
	GlobalSection(SolutionConfigurationPlatforms) = preSolution
		Debug|Any CPU = Debug|Any CPU
		Release|Any CPU = Release|Any CPU
	EndGlobalSection
	GlobalSection(ProjectConfigurationPlatforms) = postSolution
		{2A26F4CA-8C46-4D2B-80C9-0028D52AE2BF}.Debug|Any CPU.ActiveCfg = Debug|Any CPU
		{2A26F4CA-8C46-4D2B-80C9-0028D52AE2BF}.Debug|Any CPU.Build.0 = Debug|Any CPU
		{2A26F4CA-8C46-4D2B-80C9-0028D52AE2BF}.Release|Any CPU.ActiveCfg = Release|Any CPU
		{2A26F4CA-8C46-4D2B-80C9-0028D52AE2BF}.Release|Any CPU.Build.0 = Release|Any CPU
		{9D2BAF07-C82C-44F2-9D42-739BCEDBAB79}.Debug|Any CPU.ActiveCfg = Debug|Any CPU
		{9D2BAF07-C82C-44F2-9D42-739BCEDBAB79}.Debug|Any CPU.Build.0 = Debug|Any CPU
		{9D2BAF07-C82C-44F2-9D42-739BCEDBAB79}.Release|Any CPU.ActiveCfg = Release|Any CPU
		{9D2BAF07-C82C-44F2-9D42-739BCEDBAB79}.Release|Any CPU.Build.0 = Release|Any CPU
		{5D5A3FC6-405E-494B-B5CC-D91CFA0D6686}.Debug|Any CPU.ActiveCfg = Debug|Any CPU
		{5D5A3FC6-405E-494B-B5CC-D91CFA0D6686}.Debug|Any CPU.Build.0 = Debug|Any CPU
		{5D5A3FC6-405E-494B-B5CC-D91CFA0D6686}.Release|Any CPU.ActiveCfg = Release|Any CPU
		{5D5A3FC6-405E-494B-B5CC-D91CFA0D6686}.Release|Any CPU.Build.0 = Release|Any CPU
		{A89AFF16-D6F2-44B3-BAB0-C9F2866E99AF}.Debug|Any CPU.ActiveCfg = Debug|Any CPU
		{A89AFF16-D6F2-44B3-BAB0-C9F2866E99AF}.Debug|Any CPU.Build.0 = Debug|Any CPU
		{A89AFF16-D6F2-44B3-BAB0-C9F2866E99AF}.Release|Any CPU.ActiveCfg = Release|Any CPU
		{A89AFF16-D6F2-44B3-BAB0-C9F2866E99AF}.Release|Any CPU.Build.0 = Release|Any CPU
	EndGlobalSection
	GlobalSection(SolutionProperties) = preSolution
		HideSolutionNode = FALSE
	EndGlobalSection
	GlobalSection(ExtensibilityGlobals) = postSolution
		SolutionGuid = {E88DF2BB-5830-4DE1-9339-42597848D4C5}
	EndGlobalSection
EndGlobal
